
Microsoft Visual Studio Solution File, Format Version 12.00
# Visual Studio Version 16
VisualStudioVersion = 16.0.29728.190
MinimumVisualStudioVersion = 10.0.40219.1
Project("{FAE04EC0-301F-11D3-BF4B-00C04F79EFBC}") = "Jeppes.GatewayApi", "Jeppes.GatewayApi\Jeppes.GatewayApi.csproj", "{93E47CEA-171E-4779-A339-FD3CEAD4677B}"
EndProject
Project("{FAE04EC0-301F-11D3-BF4B-00C04F79EFBC}") = "Jeppes.GatewayApi.Tests", "Jeppes.GatewayApi.Tests\Jeppes.GatewayApi.Tests.csproj", "{5F83BE63-6150-4263-9925-8F3D26E58146}"
EndProject
Global
	GlobalSection(SolutionConfigurationPlatforms) = preSolution
		Debug|Any CPU = Debug|Any CPU
		Release|Any CPU = Release|Any CPU
	EndGlobalSection
	GlobalSection(ProjectConfigurationPlatforms) = postSolution
		{93E47CEA-171E-4779-A339-FD3CEAD4677B}.Debug|Any CPU.ActiveCfg = Debug|Any CPU
		{93E47CEA-171E-4779-A339-FD3CEAD4677B}.Debug|Any CPU.Build.0 = Debug|Any CPU
		{93E47CEA-171E-4779-A339-FD3CEAD4677B}.Release|Any CPU.ActiveCfg = Release|Any CPU
		{93E47CEA-171E-4779-A339-FD3CEAD4677B}.Release|Any CPU.Build.0 = Release|Any CPU
		{5F83BE63-6150-4263-9925-8F3D26E58146}.Debug|Any CPU.ActiveCfg = Debug|Any CPU
		{5F83BE63-6150-4263-9925-8F3D26E58146}.Debug|Any CPU.Build.0 = Debug|Any CPU
		{5F83BE63-6150-4263-9925-8F3D26E58146}.Release|Any CPU.ActiveCfg = Release|Any CPU
		{5F83BE63-6150-4263-9925-8F3D26E58146}.Release|Any CPU.Build.0 = Release|Any CPU
	EndGlobalSection
	GlobalSection(SolutionProperties) = preSolution
		HideSolutionNode = FALSE
	EndGlobalSection
	GlobalSection(ExtensibilityGlobals) = postSolution
		SolutionGuid = {3C93F2A6-436C-4FD2-80D5-7D8240B76BA2}
	EndGlobalSection
EndGlobal
