
Microsoft Visual Studio Solution File, Format Version 12.00
# Visual Studio Version 16
VisualStudioVersion = 16.0.29728.190
MinimumVisualStudioVersion = 10.0.40219.1
Project("{9A19103F-16F7-4668-BE54-9A1E7A4F7556}") = "Pebtos.GatewayApi.Rest", "Pebtos.GatewayApi.Rest\Pebtos.GatewayApi.Rest.csproj", "{93E47CEA-171E-4779-A339-FD3CEAD4677B}"
EndProject
Project("{9A19103F-16F7-4668-BE54-9A1E7A4F7556}") = "Pebtos.GatewayApi.Tests", "Pebtos.GatewayApi.Tests\Pebtos.GatewayApi.Tests.csproj", "{5F83BE63-6150-4263-9925-8F3D26E58146}"
EndProject
Project("{9A19103F-16F7-4668-BE54-9A1E7A4F7556}") = "Pebtos.GatewayApi.ConsoleTester", "Pebtos.GatewayApi.ConsoleTester\Pebtos.GatewayApi.ConsoleTester.csproj", "{7E760BAF-CC7C-42AD-8908-ACD0A8D9AE61}"
EndProject
Project("{9A19103F-16F7-4668-BE54-9A1E7A4F7556}") = "Pebtos.GatewayApi.Webhook", "Pebtos.GatewayApi.Webhook\Pebtos.GatewayApi.Webhook.csproj", "{9A7EDDB1-BD39-46A1-A0B4-2B7A59D178E1}"
EndProject
Project("{9A19103F-16F7-4668-BE54-9A1E7A4F7556}") = "Pebtos.GatewayApi.Core", "Pebtos.GatewayApi.Core\Pebtos.GatewayApi.Core.csproj", "{2DA62848-0988-42E9-90E5-EB24DBCDDC3D}"
EndProject
Global
	GlobalSection(SolutionConfigurationPlatforms) = preSolution
		Debug|Any CPU = Debug|Any CPU
		Release|Any CPU = Release|Any CPU
	EndGlobalSection
	GlobalSection(ProjectConfigurationPlatforms) = postSolution
		{93E47CEA-171E-4779-A339-FD3CEAD4677B}.Debug|Any CPU.ActiveCfg = Debug|Any CPU
		{93E47CEA-171E-4779-A339-FD3CEAD4677B}.Debug|Any CPU.Build.0 = Debug|Any CPU
		{93E47CEA-171E-4779-A339-FD3CEAD4677B}.Release|Any CPU.ActiveCfg = Release|Any CPU
		{93E47CEA-171E-4779-A339-FD3CEAD4677B}.Release|Any CPU.Build.0 = Release|Any CPU
		{5F83BE63-6150-4263-9925-8F3D26E58146}.Debug|Any CPU.ActiveCfg = Debug|Any CPU
		{5F83BE63-6150-4263-9925-8F3D26E58146}.Debug|Any CPU.Build.0 = Debug|Any CPU
		{5F83BE63-6150-4263-9925-8F3D26E58146}.Release|Any CPU.ActiveCfg = Release|Any CPU
		{5F83BE63-6150-4263-9925-8F3D26E58146}.Release|Any CPU.Build.0 = Release|Any CPU
		{7E760BAF-CC7C-42AD-8908-ACD0A8D9AE61}.Debug|Any CPU.ActiveCfg = Debug|Any CPU
		{7E760BAF-CC7C-42AD-8908-ACD0A8D9AE61}.Debug|Any CPU.Build.0 = Debug|Any CPU
		{7E760BAF-CC7C-42AD-8908-ACD0A8D9AE61}.Release|Any CPU.ActiveCfg = Release|Any CPU
		{7E760BAF-CC7C-42AD-8908-ACD0A8D9AE61}.Release|Any CPU.Build.0 = Release|Any CPU
		{9A7EDDB1-BD39-46A1-A0B4-2B7A59D178E1}.Debug|Any CPU.ActiveCfg = Debug|Any CPU
		{9A7EDDB1-BD39-46A1-A0B4-2B7A59D178E1}.Debug|Any CPU.Build.0 = Debug|Any CPU
		{9A7EDDB1-BD39-46A1-A0B4-2B7A59D178E1}.Release|Any CPU.ActiveCfg = Release|Any CPU
		{9A7EDDB1-BD39-46A1-A0B4-2B7A59D178E1}.Release|Any CPU.Build.0 = Release|Any CPU
		{2DA62848-0988-42E9-90E5-EB24DBCDDC3D}.Debug|Any CPU.ActiveCfg = Debug|Any CPU
		{2DA62848-0988-42E9-90E5-EB24DBCDDC3D}.Debug|Any CPU.Build.0 = Debug|Any CPU
		{2DA62848-0988-42E9-90E5-EB24DBCDDC3D}.Release|Any CPU.ActiveCfg = Release|Any CPU
		{2DA62848-0988-42E9-90E5-EB24DBCDDC3D}.Release|Any CPU.Build.0 = Release|Any CPU
	EndGlobalSection
	GlobalSection(SolutionProperties) = preSolution
		HideSolutionNode = FALSE
	EndGlobalSection
	GlobalSection(ExtensibilityGlobals) = postSolution
		SolutionGuid = {3C93F2A6-436C-4FD2-80D5-7D8240B76BA2}
	EndGlobalSection
EndGlobal
